
Microsoft Visual Studio Solution File, Format Version 12.00
# Visual Studio 2013
VisualStudioVersion = 12.0.30723.0
MinimumVisualStudioVersion = 10.0.40219.1
Project("{FAE04EC0-301F-11D3-BF4B-00C04F79EFBC}") = "BeginMobile.iOS", "BeginMobile\BeginMobile.iOS\BeginMobile.iOS.csproj", "{8209375D-9CC4-4A5C-97CA-27192F5E8F88}"
EndProject
Project("{D954291E-2A0B-460D-934E-DC6B0785DB48}") = "BeginMobile.Shared", "BeginMobile\BeginMobile\BeginMobile.Shared.shproj", "{CD333786-513F-4168-9ECE-CE3AEC22052A}"
EndProject
Project("{FAE04EC0-301F-11D3-BF4B-00C04F79EFBC}") = "BeginMobile.Android", "BeginMobile\BeginMobile.Android\BeginMobile.Android.csproj", "{EDF0336A-4AE5-4BA7-805D-7735B0ACF8E9}"
EndProject
Project("{FAE04EC0-301F-11D3-BF4B-00C04F79EFBC}") = "BeginMobile.Services", "BeginMobile.Services\BeginMobile.Services.csproj", "{67F9D3A8-F71E-4428-913F-C37AE82CDB24}"
EndProject
Project("{2150E333-8FDC-42A3-9474-1A3956D46DE8}") = ".nuget", ".nuget", "{0B48E055-B74A-467C-B64C-9DBCCCC8DE52}"
	ProjectSection(SolutionItems) = preProject
		.nuget\NuGet.Config = .nuget\NuGet.Config
		.nuget\NuGet.exe = .nuget\NuGet.exe
		.nuget\NuGet.targets = .nuget\NuGet.targets
	EndProjectSection
EndProject
Global
	GlobalSection(SharedMSBuildProjectFiles) = preSolution
		BeginMobile\BeginMobile\BeginMobile.projitems*{edf0336a-4ae5-4ba7-805d-7735b0acf8e9}*SharedItemsImports = 4
		BeginMobile\BeginMobile\BeginMobile.projitems*{8209375d-9cc4-4a5c-97ca-27192f5e8f88}*SharedItemsImports = 4
		BeginMobile\BeginMobile\BeginMobile.projitems*{cd333786-513f-4168-9ece-ce3aec22052a}*SharedItemsImports = 13
	EndGlobalSection
	GlobalSection(SolutionConfigurationPlatforms) = preSolution
		Ad-Hoc|Any CPU = Ad-Hoc|Any CPU
		Ad-Hoc|iPhone = Ad-Hoc|iPhone
		Ad-Hoc|iPhoneSimulator = Ad-Hoc|iPhoneSimulator
		Ad-Hoc|Mixed Platforms = Ad-Hoc|Mixed Platforms
		AppStore|Any CPU = AppStore|Any CPU
		AppStore|iPhone = AppStore|iPhone
		AppStore|iPhoneSimulator = AppStore|iPhoneSimulator
		AppStore|Mixed Platforms = AppStore|Mixed Platforms
		Debug|Any CPU = Debug|Any CPU
		Debug|iPhone = Debug|iPhone
		Debug|iPhoneSimulator = Debug|iPhoneSimulator
		Debug|Mixed Platforms = Debug|Mixed Platforms
		Release|Any CPU = Release|Any CPU
		Release|iPhone = Release|iPhone
		Release|iPhoneSimulator = Release|iPhoneSimulator
		Release|Mixed Platforms = Release|Mixed Platforms
	EndGlobalSection
	GlobalSection(ProjectConfigurationPlatforms) = postSolution
		{8209375D-9CC4-4A5C-97CA-27192F5E8F88}.Ad-Hoc|Any CPU.ActiveCfg = Ad-Hoc|iPhone
		{8209375D-9CC4-4A5C-97CA-27192F5E8F88}.Ad-Hoc|iPhone.ActiveCfg = Ad-Hoc|iPhone
		{8209375D-9CC4-4A5C-97CA-27192F5E8F88}.Ad-Hoc|iPhone.Build.0 = Ad-Hoc|iPhone
		{8209375D-9CC4-4A5C-97CA-27192F5E8F88}.Ad-Hoc|iPhoneSimulator.ActiveCfg = Ad-Hoc|iPhoneSimulator
		{8209375D-9CC4-4A5C-97CA-27192F5E8F88}.Ad-Hoc|iPhoneSimulator.Build.0 = Ad-Hoc|iPhoneSimulator
		{8209375D-9CC4-4A5C-97CA-27192F5E8F88}.Ad-Hoc|Mixed Platforms.ActiveCfg = Ad-Hoc|iPhone
		{8209375D-9CC4-4A5C-97CA-27192F5E8F88}.Ad-Hoc|Mixed Platforms.Build.0 = Ad-Hoc|iPhone
		{8209375D-9CC4-4A5C-97CA-27192F5E8F88}.AppStore|Any CPU.ActiveCfg = AppStore|iPhone
		{8209375D-9CC4-4A5C-97CA-27192F5E8F88}.AppStore|iPhone.ActiveCfg = AppStore|iPhone
		{8209375D-9CC4-4A5C-97CA-27192F5E8F88}.AppStore|iPhone.Build.0 = AppStore|iPhone
		{8209375D-9CC4-4A5C-97CA-27192F5E8F88}.AppStore|iPhoneSimulator.ActiveCfg = AppStore|iPhoneSimulator
		{8209375D-9CC4-4A5C-97CA-27192F5E8F88}.AppStore|iPhoneSimulator.Build.0 = AppStore|iPhoneSimulator
		{8209375D-9CC4-4A5C-97CA-27192F5E8F88}.AppStore|Mixed Platforms.ActiveCfg = AppStore|iPhone
		{8209375D-9CC4-4A5C-97CA-27192F5E8F88}.AppStore|Mixed Platforms.Build.0 = AppStore|iPhone
		{8209375D-9CC4-4A5C-97CA-27192F5E8F88}.Debug|Any CPU.ActiveCfg = Debug|iPhone
		{8209375D-9CC4-4A5C-97CA-27192F5E8F88}.Debug|iPhone.ActiveCfg = Debug|iPhone
		{8209375D-9CC4-4A5C-97CA-27192F5E8F88}.Debug|iPhone.Build.0 = Debug|iPhone
		{8209375D-9CC4-4A5C-97CA-27192F5E8F88}.Debug|iPhoneSimulator.ActiveCfg = Debug|iPhoneSimulator
		{8209375D-9CC4-4A5C-97CA-27192F5E8F88}.Debug|iPhoneSimulator.Build.0 = Debug|iPhoneSimulator
		{8209375D-9CC4-4A5C-97CA-27192F5E8F88}.Debug|Mixed Platforms.ActiveCfg = Debug|iPhone
		{8209375D-9CC4-4A5C-97CA-27192F5E8F88}.Debug|Mixed Platforms.Build.0 = Debug|iPhone
		{8209375D-9CC4-4A5C-97CA-27192F5E8F88}.Release|Any CPU.ActiveCfg = Release|iPhone
		{8209375D-9CC4-4A5C-97CA-27192F5E8F88}.Release|iPhone.ActiveCfg = Release|iPhone
		{8209375D-9CC4-4A5C-97CA-27192F5E8F88}.Release|iPhone.Build.0 = Release|iPhone
		{8209375D-9CC4-4A5C-97CA-27192F5E8F88}.Release|iPhoneSimulator.ActiveCfg = Release|iPhoneSimulator
		{8209375D-9CC4-4A5C-97CA-27192F5E8F88}.Release|iPhoneSimulator.Build.0 = Release|iPhoneSimulator
		{8209375D-9CC4-4A5C-97CA-27192F5E8F88}.Release|Mixed Platforms.ActiveCfg = Release|iPhone
		{8209375D-9CC4-4A5C-97CA-27192F5E8F88}.Release|Mixed Platforms.Build.0 = Release|iPhone
		{EDF0336A-4AE5-4BA7-805D-7735B0ACF8E9}.Ad-Hoc|Any CPU.ActiveCfg = Release|Any CPU
		{EDF0336A-4AE5-4BA7-805D-7735B0ACF8E9}.Ad-Hoc|Any CPU.Build.0 = Release|Any CPU
		{EDF0336A-4AE5-4BA7-805D-7735B0ACF8E9}.Ad-Hoc|Any CPU.Deploy.0 = Release|Any CPU
		{EDF0336A-4AE5-4BA7-805D-7735B0ACF8E9}.Ad-Hoc|iPhone.ActiveCfg = Release|Any CPU
		{EDF0336A-4AE5-4BA7-805D-7735B0ACF8E9}.Ad-Hoc|iPhoneSimulator.ActiveCfg = Release|Any CPU
		{EDF0336A-4AE5-4BA7-805D-7735B0ACF8E9}.Ad-Hoc|Mixed Platforms.ActiveCfg = Release|Any CPU
		{EDF0336A-4AE5-4BA7-805D-7735B0ACF8E9}.Ad-Hoc|Mixed Platforms.Build.0 = Release|Any CPU
		{EDF0336A-4AE5-4BA7-805D-7735B0ACF8E9}.Ad-Hoc|Mixed Platforms.Deploy.0 = Release|Any CPU
		{EDF0336A-4AE5-4BA7-805D-7735B0ACF8E9}.AppStore|Any CPU.ActiveCfg = Release|Any CPU
		{EDF0336A-4AE5-4BA7-805D-7735B0ACF8E9}.AppStore|Any CPU.Build.0 = Release|Any CPU
		{EDF0336A-4AE5-4BA7-805D-7735B0ACF8E9}.AppStore|Any CPU.Deploy.0 = Release|Any CPU
		{EDF0336A-4AE5-4BA7-805D-7735B0ACF8E9}.AppStore|iPhone.ActiveCfg = Release|Any CPU
		{EDF0336A-4AE5-4BA7-805D-7735B0ACF8E9}.AppStore|iPhoneSimulator.ActiveCfg = Release|Any CPU
		{EDF0336A-4AE5-4BA7-805D-7735B0ACF8E9}.AppStore|Mixed Platforms.ActiveCfg = Release|Any CPU
		{EDF0336A-4AE5-4BA7-805D-7735B0ACF8E9}.AppStore|Mixed Platforms.Build.0 = Release|Any CPU
		{EDF0336A-4AE5-4BA7-805D-7735B0ACF8E9}.AppStore|Mixed Platforms.Deploy.0 = Release|Any CPU
		{EDF0336A-4AE5-4BA7-805D-7735B0ACF8E9}.Debug|Any CPU.ActiveCfg = Debug|Any CPU
		{EDF0336A-4AE5-4BA7-805D-7735B0ACF8E9}.Debug|Any CPU.Build.0 = Debug|Any CPU
		{EDF0336A-4AE5-4BA7-805D-7735B0ACF8E9}.Debug|Any CPU.Deploy.0 = Debug|Any CPU
		{EDF0336A-4AE5-4BA7-805D-7735B0ACF8E9}.Debug|iPhone.ActiveCfg = Debug|Any CPU
		{EDF0336A-4AE5-4BA7-805D-7735B0ACF8E9}.Debug|iPhoneSimulator.ActiveCfg = Debug|Any CPU
		{EDF0336A-4AE5-4BA7-805D-7735B0ACF8E9}.Debug|Mixed Platforms.ActiveCfg = Debug|Any CPU
		{EDF0336A-4AE5-4BA7-805D-7735B0ACF8E9}.Debug|Mixed Platforms.Build.0 = Debug|Any CPU
		{EDF0336A-4AE5-4BA7-805D-7735B0ACF8E9}.Debug|Mixed Platforms.Deploy.0 = Debug|Any CPU
		{EDF0336A-4AE5-4BA7-805D-7735B0ACF8E9}.Release|Any CPU.ActiveCfg = Release|Any CPU
		{EDF0336A-4AE5-4BA7-805D-7735B0ACF8E9}.Release|Any CPU.Build.0 = Release|Any CPU
		{EDF0336A-4AE5-4BA7-805D-7735B0ACF8E9}.Release|Any CPU.Deploy.0 = Release|Any CPU
		{EDF0336A-4AE5-4BA7-805D-7735B0ACF8E9}.Release|iPhone.ActiveCfg = Release|Any CPU
		{EDF0336A-4AE5-4BA7-805D-7735B0ACF8E9}.Release|iPhoneSimulator.ActiveCfg = Release|Any CPU
		{EDF0336A-4AE5-4BA7-805D-7735B0ACF8E9}.Release|Mixed Platforms.ActiveCfg = Release|Any CPU
		{EDF0336A-4AE5-4BA7-805D-7735B0ACF8E9}.Release|Mixed Platforms.Build.0 = Release|Any CPU
		{EDF0336A-4AE5-4BA7-805D-7735B0ACF8E9}.Release|Mixed Platforms.Deploy.0 = Release|Any CPU
		{67F9D3A8-F71E-4428-913F-C37AE82CDB24}.Ad-Hoc|Any CPU.ActiveCfg = Release|Any CPU
		{67F9D3A8-F71E-4428-913F-C37AE82CDB24}.Ad-Hoc|Any CPU.Build.0 = Release|Any CPU
		{67F9D3A8-F71E-4428-913F-C37AE82CDB24}.Ad-Hoc|iPhone.ActiveCfg = Release|Any CPU
		{67F9D3A8-F71E-4428-913F-C37AE82CDB24}.Ad-Hoc|iPhoneSimulator.ActiveCfg = Release|Any CPU
		{67F9D3A8-F71E-4428-913F-C37AE82CDB24}.Ad-Hoc|Mixed Platforms.ActiveCfg = Release|Any CPU
		{67F9D3A8-F71E-4428-913F-C37AE82CDB24}.Ad-Hoc|Mixed Platforms.Build.0 = Release|Any CPU
		{67F9D3A8-F71E-4428-913F-C37AE82CDB24}.AppStore|Any CPU.ActiveCfg = Release|Any CPU
		{67F9D3A8-F71E-4428-913F-C37AE82CDB24}.AppStore|Any CPU.Build.0 = Release|Any CPU
		{67F9D3A8-F71E-4428-913F-C37AE82CDB24}.AppStore|iPhone.ActiveCfg = Release|Any CPU
		{67F9D3A8-F71E-4428-913F-C37AE82CDB24}.AppStore|iPhoneSimulator.ActiveCfg = Release|Any CPU
		{67F9D3A8-F71E-4428-913F-C37AE82CDB24}.AppStore|Mixed Platforms.ActiveCfg = Release|Any CPU
		{67F9D3A8-F71E-4428-913F-C37AE82CDB24}.AppStore|Mixed Platforms.Build.0 = Release|Any CPU
		{67F9D3A8-F71E-4428-913F-C37AE82CDB24}.Debug|Any CPU.ActiveCfg = Debug|Any CPU
		{67F9D3A8-F71E-4428-913F-C37AE82CDB24}.Debug|Any CPU.Build.0 = Debug|Any CPU
		{67F9D3A8-F71E-4428-913F-C37AE82CDB24}.Debug|iPhone.ActiveCfg = Debug|Any CPU
		{67F9D3A8-F71E-4428-913F-C37AE82CDB24}.Debug|iPhoneSimulator.ActiveCfg = Debug|Any CPU
		{67F9D3A8-F71E-4428-913F-C37AE82CDB24}.Debug|Mixed Platforms.ActiveCfg = Debug|Any CPU
		{67F9D3A8-F71E-4428-913F-C37AE82CDB24}.Debug|Mixed Platforms.Build.0 = Debug|Any CPU
		{67F9D3A8-F71E-4428-913F-C37AE82CDB24}.Release|Any CPU.ActiveCfg = Release|Any CPU
		{67F9D3A8-F71E-4428-913F-C37AE82CDB24}.Release|Any CPU.Build.0 = Release|Any CPU
		{67F9D3A8-F71E-4428-913F-C37AE82CDB24}.Release|iPhone.ActiveCfg = Release|Any CPU
		{67F9D3A8-F71E-4428-913F-C37AE82CDB24}.Release|iPhoneSimulator.ActiveCfg = Release|Any CPU
		{67F9D3A8-F71E-4428-913F-C37AE82CDB24}.Release|Mixed Platforms.ActiveCfg = Release|Any CPU
		{67F9D3A8-F71E-4428-913F-C37AE82CDB24}.Release|Mixed Platforms.Build.0 = Release|Any CPU
	EndGlobalSection
	GlobalSection(SolutionProperties) = preSolution
		HideSolutionNode = FALSE
	EndGlobalSection
EndGlobal
